<?xml version="1.0" encoding="utf-8"?>
<Project ToolsVersion="4.0" xmlns="http://schemas.microsoft.com/developer/msbuild/2003">
  <ItemGroup>
    <Filter Include="源文件">
      <UniqueIdentifier>{4FC737F1-C7A5-4376-A066-2A32D752A2FF}</UniqueIdentifier>
      <Extensions>cpp;c;cc;cxx;def;odl;idl;hpj;bat;asm;asmx</Extensions>
    </Filter>
    <Filter Include="头文件">
      <UniqueIdentifier>{93995380-89BD-4b04-88EB-625FBE52EBFB}</UniqueIdentifier>
      <Extensions>h;hh;hpp;hxx;hm;inl;inc;ipp;xsd</Extensions>
    </Filter>
    <Filter Include="头文件\FrontEnd">
      <UniqueIdentifier>{9ac13162-aeb2-48a8-95e4-140b0c5c2377}</UniqueIdentifier>
    </Filter>
    <Filter Include="源文件\FrontEnd">
      <UniqueIdentifier>{91729342-3e67-4f79-ab41-26fd3d57afd1}</UniqueIdentifier>
    </Filter>
    <Filter Include="头文件\BackEnd">
      <UniqueIdentifier>{a7e769c7-cc45-47af-9074-5831a96e8111}</UniqueIdentifier>
    </Filter>
    <Filter Include="源文件\BackEnd">
      <UniqueIdentifier>{df8a3b7f-60de-4fed-a6ad-7477513fdebd}</UniqueIdentifier>
    </Filter>
    <Filter Include="头文件\Midcode&amp;Symbol">
      <UniqueIdentifier>{d15545e7-d4c4-443e-aa00-8c818fb871d5}</UniqueIdentifier>
    </Filter>
    <Filter Include="源文件\Midcode&amp;Symbol">
      <UniqueIdentifier>{03c267b2-6bd5-4ab6-9850-06d667a44d4a}</UniqueIdentifier>
    </Filter>
    <Filter Include="资源文件">
      <UniqueIdentifier>{67DA6AB6-F800-4c08-8B7A-83BB121AAD01}</UniqueIdentifier>
      <Extensions>rc;ico;cur;bmp;dlg;rc2;rct;bin;rgs;gif;jpg;jpeg;jpe;resx;tiff;tif;png;wav;mfcribbon-ms</Extensions>
    </Filter>
  </ItemGroup>
  <ItemGroup>
    <Text Include="output.txt">
      <Filter>资源文件</Filter>
    </Text>
    <Text Include="error.txt">
      <Filter>资源文件</Filter>
    </Text>
    <Text Include="grammar.txt">
      <Filter>资源文件</Filter>
    </Text>
    <Text Include="grammarRegroup.txt">
      <Filter>资源文件</Filter>
    </Text>
    <Text Include="testfile.txt">
      <Filter>资源文件</Filter>
    </Text>
    <Text Include="teststorage.txt">
      <Filter>资源文件</Filter>
    </Text>
    <Text Include="debug.txt">
      <Filter>资源文件</Filter>
    </Text>
    <Text Include="mips.txt">
      <Filter>资源文件</Filter>
    </Text>
  </ItemGroup>
  <ItemGroup>
    <ClCompile Include="main.cpp">
      <Filter>源文件</Filter>
    </ClCompile>
    <ClCompile Include="LexicalAnalyzer.cpp">
      <Filter>源文件\FrontEnd</Filter>
    </ClCompile>
    <ClCompile Include="GrammarAnalyzer.cpp">
      <Filter>源文件\FrontEnd</Filter>
    </ClCompile>
    <ClCompile Include="MidCodeContainer.cpp">
      <Filter>源文件\Midcode&amp;Symbol</Filter>
    </ClCompile>
    <ClCompile Include="Block.cpp">
      <Filter>源文件\BackEnd</Filter>
    </ClCompile>
    <ClCompile Include="SymbolTable.cpp">
      <Filter>源文件\Midcode&amp;Symbol</Filter>
    </ClCompile>
    <ClCompile Include="SubSymbolTable.cpp">
      <Filter>源文件\Midcode&amp;Symbol</Filter>
    </ClCompile>
    <ClCompile Include="MidCode.cpp">
      <Filter>源文件\Midcode&amp;Symbol</Filter>
    </ClCompile>
    <ClCompile Include="MidCodeFrameWork.cpp">
      <Filter>源文件\Midcode&amp;Symbol</Filter>
    </ClCompile>
    <ClCompile Include="FlowGraph.cpp">
      <Filter>源文件\BackEnd</Filter>
    </ClCompile>
    <ClCompile Include="MipsTranslator.cpp">
      <Filter>源文件\BackEnd</Filter>
    </ClCompile>
    <ClCompile Include="FaultHandler.cpp">
      <Filter>源文件\FrontEnd</Filter>
    </ClCompile>
    <ClCompile Include="DagMap.cpp">
      <Filter>源文件\BackEnd</Filter>
    </ClCompile>
    <ClCompile Include="DeadCodeEliminator.cpp">
      <Filter>源文件\BackEnd</Filter>
    </ClCompile>
    <ClCompile Include="BlockOptimization.cpp">
      <Filter>源文件\BackEnd</Filter>
    </ClCompile>
    <ClCompile Include="PeepHoleOptimization.cpp">
      <Filter>源文件\BackEnd</Filter>
    </ClCompile>
  </ItemGroup>
  <ItemGroup>
    <ClInclude Include="LexicalAnalyzer.h">
      <Filter>头文件\FrontEnd</Filter>
    </ClInclude>
    <ClInclude Include="GrammarAnalyzer.h">
      <Filter>头文件\FrontEnd</Filter>
    </ClInclude>
    <ClInclude Include="FaultHandler.h">
      <Filter>头文件\FrontEnd</Filter>
    </ClInclude>
    <ClInclude Include="main.h">
      <Filter>头文件</Filter>
    </ClInclude>
    <ClInclude Include="MidCode.h">
      <Filter>头文件\Midcode&amp;Symbol</Filter>
    </ClInclude>
    <ClInclude Include="MidCodeContainer.h">
      <Filter>头文件\Midcode&amp;Symbol</Filter>
    </ClInclude>
    <ClInclude Include="Block.h">
      <Filter>头文件\BackEnd</Filter>
    </ClInclude>
    <ClInclude Include="SymbolTable.h">
      <Filter>头文件\Midcode&amp;Symbol</Filter>
    </ClInclude>
    <ClInclude Include="SubSymbolTable.h">
      <Filter>头文件\Midcode&amp;Symbol</Filter>
    </ClInclude>
    <ClInclude Include="MidCodeFramework.h">
      <Filter>头文件\Midcode&amp;Symbol</Filter>
    </ClInclude>
    <ClInclude Include="FlowGraph.h">
      <Filter>头文件\BackEnd</Filter>
    </ClInclude>
    <ClInclude Include="MipsTranslator.h">
      <Filter>头文件\BackEnd</Filter>
    </ClInclude>
    <ClInclude Include="DagMap.h">
      <Filter>头文件\BackEnd</Filter>
    </ClInclude>
    <ClInclude Include="DeadCodeEliminator.h">
      <Filter>头文件\BackEnd</Filter>
    </ClInclude>
    <ClInclude Include="BlockOptimization.h">
      <Filter>头文件\BackEnd</Filter>
    </ClInclude>
    <ClInclude Include="PeepHoleOptimization.h">
      <Filter>头文件\BackEnd</Filter>
    </ClInclude>
    <ClInclude Include="OptimizeSwitch.h">
      <Filter>头文件</Filter>
    </ClInclude>
  </ItemGroup>
  <ItemGroup>
    <Image Include="Annotation 2019-09-26 123820.jpg">
      <Filter>资源文件</Filter>
    </Image>
  </ItemGroup>
</Project>